
Microsoft Visual Studio Solution File, Format Version 12.00
# Visual Studio Version 17
VisualStudioVersion = 17.13.35931.197
MinimumVisualStudioVersion = 10.0.40219.1
Project("{FAE04EC0-301F-11D3-BF4B-00C04F79EFBC}") = "capa_Vista", "WinFormsApp1\capa_Vista.csproj", "{CF875B70-7C6B-49CD-89C8-6D88419E46A9}"
EndProject
Project("{FAE04EC0-301F-11D3-BF4B-00C04F79EFBC}") = "Capa_datos", "Controlador\Capa_datos.csproj", "{15EEAF31-D034-4790-96D6-589D65C411F8}"
EndProject
Project("{FAE04EC0-301F-11D3-BF4B-00C04F79EFBC}") = "Capa_entidades", "Capa_entidades\Capa_entidades.csproj", "{D4FEB51A-4347-4BCB-9FC3-79238C04A2A6}"
EndProject
Project("{FAE04EC0-301F-11D3-BF4B-00C04F79EFBC}") = "Capa_Negocio", "Capa_Negocio\Capa_Negocio.csproj", "{17048A36-0882-41C5-80E0-EFE2E870BF2C}"
EndProject
Global
	GlobalSection(SolutionConfigurationPlatforms) = preSolution
		Debug|Any CPU = Debug|Any CPU
		Release|Any CPU = Release|Any CPU
	EndGlobalSection
	GlobalSection(ProjectConfigurationPlatforms) = postSolution
		{CF875B70-7C6B-49CD-89C8-6D88419E46A9}.Debug|Any CPU.ActiveCfg = Debug|Any CPU
		{CF875B70-7C6B-49CD-89C8-6D88419E46A9}.Debug|Any CPU.Build.0 = Debug|Any CPU
		{CF875B70-7C6B-49CD-89C8-6D88419E46A9}.Release|Any CPU.ActiveCfg = Release|Any CPU
		{CF875B70-7C6B-49CD-89C8-6D88419E46A9}.Release|Any CPU.Build.0 = Release|Any CPU
		{15EEAF31-D034-4790-96D6-589D65C411F8}.Debug|Any CPU.ActiveCfg = Debug|Any CPU
		{15EEAF31-D034-4790-96D6-589D65C411F8}.Debug|Any CPU.Build.0 = Debug|Any CPU
		{15EEAF31-D034-4790-96D6-589D65C411F8}.Release|Any CPU.ActiveCfg = Release|Any CPU
		{15EEAF31-D034-4790-96D6-589D65C411F8}.Release|Any CPU.Build.0 = Release|Any CPU
		{D4FEB51A-4347-4BCB-9FC3-79238C04A2A6}.Debug|Any CPU.ActiveCfg = Debug|Any CPU
		{D4FEB51A-4347-4BCB-9FC3-79238C04A2A6}.Debug|Any CPU.Build.0 = Debug|Any CPU
		{D4FEB51A-4347-4BCB-9FC3-79238C04A2A6}.Release|Any CPU.ActiveCfg = Release|Any CPU
		{D4FEB51A-4347-4BCB-9FC3-79238C04A2A6}.Release|Any CPU.Build.0 = Release|Any CPU
		{17048A36-0882-41C5-80E0-EFE2E870BF2C}.Debug|Any CPU.ActiveCfg = Debug|Any CPU
		{17048A36-0882-41C5-80E0-EFE2E870BF2C}.Debug|Any CPU.Build.0 = Debug|Any CPU
		{17048A36-0882-41C5-80E0-EFE2E870BF2C}.Release|Any CPU.ActiveCfg = Release|Any CPU
		{17048A36-0882-41C5-80E0-EFE2E870BF2C}.Release|Any CPU.Build.0 = Release|Any CPU
	EndGlobalSection
	GlobalSection(SolutionProperties) = preSolution
		HideSolutionNode = FALSE
	EndGlobalSection
	GlobalSection(ExtensibilityGlobals) = postSolution
		SolutionGuid = {E15EBDCE-23BE-4229-B07D-4963178451BB}
	EndGlobalSection
EndGlobal
